
Microsoft Visual Studio Solution File, Format Version 12.00
# Visual Studio Version 16
VisualStudioVersion = 16.0.28705.295
MinimumVisualStudioVersion = 10.0.40219.1
Project("{FAE04EC0-301F-11D3-BF4B-00C04F79EFBC}") = "GeoHydro", "GeoHydro\GeoHydro.csproj", "{C639E29E-A45E-46BC-B05B-E0B7F0C788A3}"
EndProject
Project("{FAE04EC0-301F-11D3-BF4B-00C04F79EFBC}") = "GeoHydroCore", "GeoHydroCore\GeoHydroCore.csproj", "{5F5BEAF3-767B-42C5-8F14-AB150E1B8788}"
EndProject
Global
	GlobalSection(SolutionConfigurationPlatforms) = preSolution
		Debug|Any CPU = Debug|Any CPU
		Release|Any CPU = Release|Any CPU
	EndGlobalSection
	GlobalSection(ProjectConfigurationPlatforms) = postSolution
		{C639E29E-A45E-46BC-B05B-E0B7F0C788A3}.Debug|Any CPU.ActiveCfg = Debug|Any CPU
		{C639E29E-A45E-46BC-B05B-E0B7F0C788A3}.Debug|Any CPU.Build.0 = Debug|Any CPU
		{C639E29E-A45E-46BC-B05B-E0B7F0C788A3}.Release|Any CPU.ActiveCfg = Release|Any CPU
		{C639E29E-A45E-46BC-B05B-E0B7F0C788A3}.Release|Any CPU.Build.0 = Release|Any CPU
		{5F5BEAF3-767B-42C5-8F14-AB150E1B8788}.Debug|Any CPU.ActiveCfg = Debug|Any CPU
		{5F5BEAF3-767B-42C5-8F14-AB150E1B8788}.Debug|Any CPU.Build.0 = Debug|Any CPU
		{5F5BEAF3-767B-42C5-8F14-AB150E1B8788}.Release|Any CPU.ActiveCfg = Release|Any CPU
		{5F5BEAF3-767B-42C5-8F14-AB150E1B8788}.Release|Any CPU.Build.0 = Release|Any CPU
	EndGlobalSection
	GlobalSection(SolutionProperties) = preSolution
		HideSolutionNode = FALSE
	EndGlobalSection
	GlobalSection(ExtensibilityGlobals) = postSolution
		SolutionGuid = {568D9FD5-BA72-4C89-9710-CBDD37288BD1}
	EndGlobalSection
EndGlobal
